
Microsoft Visual Studio Solution File, Format Version 12.00
# Visual Studio Version 16
VisualStudioVersion = 16.0.36128.20
MinimumVisualStudioVersion = 10.0.40219.1
Project("{FAE04EC0-301F-11D3-BF4B-00C04F79EFBC}") = "FroxyServerClient", "FroxyServerClient\FroxyServerClient.csproj", "{611556D8-357A-40F7-A6FB-67AA7F1A6E5B}"
EndProject
Global
	GlobalSection(SolutionConfigurationPlatforms) = preSolution
		Debug|Any CPU = Debug|Any CPU
		Release|Any CPU = Release|Any CPU
	EndGlobalSection
	GlobalSection(ProjectConfigurationPlatforms) = postSolution
		{611556D8-357A-40F7-A6FB-67AA7F1A6E5B}.Debug|Any CPU.ActiveCfg = Debug|Any CPU
		{611556D8-357A-40F7-A6FB-67AA7F1A6E5B}.Debug|Any CPU.Build.0 = Debug|Any CPU
		{611556D8-357A-40F7-A6FB-67AA7F1A6E5B}.Release|Any CPU.ActiveCfg = Release|Any CPU
		{611556D8-357A-40F7-A6FB-67AA7F1A6E5B}.Release|Any CPU.Build.0 = Release|Any CPU
	EndGlobalSection
	GlobalSection(SolutionProperties) = preSolution
		HideSolutionNode = FALSE
	EndGlobalSection
	GlobalSection(ExtensibilityGlobals) = postSolution
		SolutionGuid = {5571DF9D-2637-4E30-8253-905700104AB2}
	EndGlobalSection
EndGlobal
